// !$*UTF8*$!
{
	archiveVersion = 1;
	classes = {
	};
	objectVersion = 60;
	objects = {

/* Begin PBXBuildFile section */
		FA66C8D22C541432000F8A98 /* AddTodoViewController.swift in Sources */ = {isa = PBXBuildFile; fileRef = FA66C8D12C541432000F8A98 /* AddTodoViewController.swift */; };
		FA66C8D42C541573000F8A98 /* AppCoordinator.swift in Sources */ = {isa = PBXBuildFile; fileRef = FA66C8D32C541573000F8A98 /* AppCoordinator.swift */; };
		FA66C8D62C541626000F8A98 /* TodoCell.swift in Sources */ = {isa = PBXBuildFile; fileRef = FA66C8D52C541626000F8A98 /* TodoCell.swift */; };
		FA66C8D82C543C60000F8A98 /* Observer.swift in Sources */ = {isa = PBXBuildFile; fileRef = FA66C8D72C543C60000F8A98 /* Observer.swift */; };
		FAE27F5A2C540DAB004B4396 /* AppDelegate.swift in Sources */ = {isa = PBXBuildFile; fileRef = FAE27F592C540DAB004B4396 /* AppDelegate.swift */; };
		FAE27F5C2C540DAB004B4396 /* SceneDelegate.swift in Sources */ = {isa = PBXBuildFile; fileRef = FAE27F5B2C540DAB004B4396 /* SceneDelegate.swift */; };
		FAE27F5E2C540DAB004B4396 /* ViewController.swift in Sources */ = {isa = PBXBuildFile; fileRef = FAE27F5D2C540DAB004B4396 /* ViewController.swift */; };
		FAE27F632C540DAD004B4396 /* Assets.xcassets in Resources */ = {isa = PBXBuildFile; fileRef = FAE27F622C540DAD004B4396 /* Assets.xcassets */; };
		FAE27F662C540DAD004B4396 /* Base in Resources */ = {isa = PBXBuildFile; fileRef = FAE27F652C540DAD004B4396 /* Base */; };
		FAE27F6E2C540DD7004B4396 /* TodoItem.swift in Sources */ = {isa = PBXBuildFile; fileRef = FAE27F6D2C540DD7004B4396 /* TodoItem.swift */; };
		FAE27F702C540DFA004B4396 /* TodoManager.swift in Sources */ = {isa = PBXBuildFile; fileRef = FAE27F6F2C540DFA004B4396 /* TodoManager.swift */; };
/* End PBXBuildFile section */

/* Begin PBXFileReference section */
		FA66C8D12C541432000F8A98 /* AddTodoViewController.swift */ = {isa = PBXFileReference; lastKnownFileType = sourcecode.swift; path = AddTodoViewController.swift; sourceTree = "<group>"; };
		FA66C8D32C541573000F8A98 /* AppCoordinator.swift */ = {isa = PBXFileReference; lastKnownFileType = sourcecode.swift; path = AppCoordinator.swift; sourceTree = "<group>"; };
		FA66C8D52C541626000F8A98 /* TodoCell.swift */ = {isa = PBXFileReference; lastKnownFileType = sourcecode.swift; path = TodoCell.swift; sourceTree = "<group>"; };
		FA66C8D72C543C60000F8A98 /* Observer.swift */ = {isa = PBXFileReference; lastKnownFileType = sourcecode.swift; path = Observer.swift; sourceTree = "<group>"; };
		FAE27F562C540DAB004B4396 /* HW_13.app */ = {isa = PBXFileReference; explicitFileType = wrapper.application; includeInIndex = 0; path = HW_13.app; sourceTree = BUILT_PRODUCTS_DIR; };
		FAE27F592C540DAB004B4396 /* AppDelegate.swift */ = {isa = PBXFileReference; lastKnownFileType = sourcecode.swift; path = AppDelegate.swift; sourceTree = "<group>"; };
		FAE27F5B2C540DAB004B4396 /* SceneDelegate.swift */ = {isa = PBXFileReference; lastKnownFileType = sourcecode.swift; path = SceneDelegate.swift; sourceTree = "<group>"; };
		FAE27F5D2C540DAB004B4396 /* ViewController.swift */ = {isa = PBXFileReference; lastKnownFileType = sourcecode.swift; path = ViewController.swift; sourceTree = "<group>"; };
		FAE27F622C540DAD004B4396 /* Assets.xcassets */ = {isa = PBXFileReference; lastKnownFileType = folder.assetcatalog; path = Assets.xcassets; sourceTree = "<group>"; };
		FAE27F652C540DAD004B4396 /* Base */ = {isa = PBXFileReference; lastKnownFileType = file.storyboard; name = Base; path = Base.lproj/LaunchScreen.storyboard; sourceTree = "<group>"; };
		FAE27F672C540DAD004B4396 /* Info.plist */ = {isa = PBXFileReference; lastKnownFileType = text.plist.xml; path = Info.plist; sourceTree = "<group>"; };
		FAE27F6D2C540DD7004B4396 /* TodoItem.swift */ = {isa = PBXFileReference; lastKnownFileType = sourcecode.swift; path = TodoItem.swift; sourceTree = "<group>"; };
		FAE27F6F2C540DFA004B4396 /* TodoManager.swift */ = {isa = PBXFileReference; lastKnownFileType = sourcecode.swift; path = TodoManager.swift; sourceTree = "<group>"; };
/* End PBXFileReference section */

/* Begin PBXFrameworksBuildPhase section */
		FAE27F532C540DAB004B4396 /* Frameworks */ = {
			isa = PBXFrameworksBuildPhase;
			buildActionMask = 2147483647;
			files = (
			);
			runOnlyForDeploymentPostprocessing = 0;
		};
/* End PBXFrameworksBuildPhase section */

/* Begin PBXGroup section */
		FAE27F4D2C540DAB004B4396 = {
			isa = PBXGroup;
			children = (
				FAE27F582C540DAB004B4396 /* HW_13 */,
				FAE27F572C540DAB004B4396 /* Products */,
			);
			sourceTree = "<group>";
		};
		FAE27F572C540DAB004B4396 /* Products */ = {
			isa = PBXGroup;
			children = (
				FAE27F562C540DAB004B4396 /* HW_13.app */,
			);
			name = Products;
			sourceTree = "<group>";
		};
		FAE27F582C540DAB004B4396 /* HW_13 */ = {
			isa = PBXGroup;
			children = (
				FAE27F592C540DAB004B4396 /* AppDelegate.swift */,
				FAE27F5B2C540DAB004B4396 /* SceneDelegate.swift */,
				FAE27F5D2C540DAB004B4396 /* ViewController.swift */,
				FAE27F622C540DAD004B4396 /* Assets.xcassets */,
				FAE27F642C540DAD004B4396 /* LaunchScreen.storyboard */,
				FAE27F672C540DAD004B4396 /* Info.plist */,
				FAE27F6D2C540DD7004B4396 /* TodoItem.swift */,
				FAE27F6F2C540DFA004B4396 /* TodoManager.swift */,
				FA66C8D12C541432000F8A98 /* AddTodoViewController.swift */,
				FA66C8D32C541573000F8A98 /* AppCoordinator.swift */,
				FA66C8D52C541626000F8A98 /* TodoCell.swift */,
				FA66C8D72C543C60000F8A98 /* Observer.swift */,
			);
			path = HW_13;
			sourceTree = "<group>";
		};
/* End PBXGroup section */

/* Begin PBXNativeTarget section */
		FAE27F552C540DAB004B4396 /* HW_13 */ = {
			isa = PBXNativeTarget;
			buildConfigurationList = FAE27F6A2C540DAD004B4396 /* Build configuration list for PBXNativeTarget "HW_13" */;
			buildPhases = (
				FAE27F522C540DAB004B4396 /* Sources */,
				FAE27F532C540DAB004B4396 /* Frameworks */,
				FAE27F542C540DAB004B4396 /* Resources */,
			);
			buildRules = (
			);
			dependencies = (
			);
			name = HW_13;
			productName = HW_13;
			productReference = FAE27F562C540DAB004B4396 /* HW_13.app */;
			productType = "com.apple.product-type.application";
		};
/* End PBXNativeTarget section */

/* Begin PBXProject section */
		FAE27F4E2C540DAB004B4396 /* Project object */ = {
			isa = PBXProject;
			attributes = {
				BuildIndependentTargetsInParallel = 1;
				LastSwiftUpdateCheck = 1600;
				LastUpgradeCheck = 1600;
				TargetAttributes = {
					FAE27F552C540DAB004B4396 = {
						CreatedOnToolsVersion = 16.0;
					};
				};
			};
			buildConfigurationList = FAE27F512C540DAB004B4396 /* Build configuration list for PBXProject "HW_13" */;
			compatibilityVersion = "Xcode 15.0";
			developmentRegion = en;
			hasScannedForEncodings = 0;
			knownRegions = (
				en,
				Base,
			);
			mainGroup = FAE27F4D2C540DAB004B4396;
			productRefGroup = FAE27F572C540DAB004B4396 /* Products */;
			projectDirPath = "";
			projectRoot = "";
			targets = (
				FAE27F552C540DAB004B4396 /* HW_13 */,
			);
		};
/* End PBXProject section */

/* Begin PBXResourcesBuildPhase section */
		FAE27F542C540DAB004B4396 /* Resources */ = {
			isa = PBXResourcesBuildPhase;
			buildActionMask = 2147483647;
			files = (
				FAE27F632C540DAD004B4396 /* Assets.xcassets in Resources */,
				FAE27F662C540DAD004B4396 /* Base in Resources */,
			);
			runOnlyForDeploymentPostprocessing = 0;
		};
/* End PBXResourcesBuildPhase section */

/* Begin PBXSourcesBuildPhase section */
		FAE27F522C540DAB004B4396 /* Sources */ = {
			isa = PBXSourcesBuildPhase;
			buildActionMask = 2147483647;
			files = (
				FAE27F702C540DFA004B4396 /* TodoManager.swift in Sources */,
				FA66C8D82C543C60000F8A98 /* Observer.swift in Sources */,
				FAE27F5E2C540DAB004B4396 /* ViewController.swift in Sources */,
				FAE27F5A2C540DAB004B4396 /* AppDelegate.swift in Sources */,
				FAE27F6E2C540DD7004B4396 /* TodoItem.swift in Sources */,
				FA66C8D22C541432000F8A98 /* AddTodoViewController.swift in Sources */,
				FAE27F5C2C540DAB004B4396 /* SceneDelegate.swift in Sources */,
				FA66C8D42C541573000F8A98 /* AppCoordinator.swift in Sources */,
				FA66C8D62C541626000F8A98 /* TodoCell.swift in Sources */,
			);
			runOnlyForDeploymentPostprocessing = 0;
		};
/* End PBXSourcesBuildPhase section */

/* Begin PBXVariantGroup section */
		FAE27F642C540DAD004B4396 /* LaunchScreen.storyboard */ = {
			isa = PBXVariantGroup;
			children = (
				FAE27F652C540DAD004B4396 /* Base */,
			);
			name = LaunchScreen.storyboard;
			sourceTree = "<group>";
		};
/* End PBXVariantGroup section */

/* Begin XCBuildConfiguration section */
		FAE27F682C540DAD004B4396 /* Debug */ = {
			isa = XCBuildConfiguration;
			buildSettings = {
				ALWAYS_SEARCH_USER_PATHS = NO;
				ASSETCATALOG_COMPILER_GENERATE_SWIFT_ASSET_SYMBOL_EXTENSIONS = YES;
				CLANG_ANALYZER_NONNULL = YES;
				CLANG_ANALYZER_NUMBER_OBJECT_CONVERSION = YES_AGGRESSIVE;
				CLANG_CXX_LANGUAGE_STANDARD = "gnu++20";
				CLANG_ENABLE_MODULES = YES;
				CLANG_ENABLE_OBJC_ARC = YES;
				CLANG_ENABLE_OBJC_WEAK = YES;
				CLANG_WARN_BLOCK_CAPTURE_AUTORELEASING = YES;
				CLANG_WARN_BOOL_CONVERSION = YES;
				CLANG_WARN_COMMA = YES;
				CLANG_WARN_CONSTANT_CONVERSION = YES;
				CLANG_WARN_DEPRECATED_OBJC_IMPLEMENTATIONS = YES;
				CLANG_WARN_DIRECT_OBJC_ISA_USAGE = YES_ERROR;
				CLANG_WARN_DOCUMENTATION_COMMENTS = YES;
				CLANG_WARN_EMPTY_BODY = YES;
				CLANG_WARN_ENUM_CONVERSION = YES;
				CLANG_WARN_INFINITE_RECURSION = YES;
				CLANG_WARN_INT_CONVERSION = YES;
				CLANG_WARN_NON_LITERAL_NULL_CONVERSION = YES;
				CLANG_WARN_OBJC_IMPLICIT_RETAIN_SELF = YES;
				CLANG_WARN_OBJC_LITERAL_CONVERSION = YES;
				CLANG_WARN_OBJC_ROOT_CLASS = YES_ERROR;
				CLANG_WARN_QUOTED_INCLUDE_IN_FRAMEWORK_HEADER = YES;
				CLANG_WARN_RANGE_LOOP_ANALYSIS = YES;
				CLANG_WARN_STRICT_PROTOTYPES = YES;
				CLANG_WARN_SUSPICIOUS_MOVE = YES;
				CLANG_WARN_UNGUARDED_AVAILABILITY = YES_AGGRESSIVE;
				CLANG_WARN_UNREACHABLE_CODE = YES;
				CLANG_WARN__DUPLICATE_METHOD_MATCH = YES;
				COPY_PHASE_STRIP = NO;
				DEBUG_INFORMATION_FORMAT = dwarf;
				ENABLE_STRICT_OBJC_MSGSEND = YES;
				ENABLE_TESTABILITY = YES;
				ENABLE_USER_SCRIPT_SANDBOXING = YES;
				GCC_C_LANGUAGE_STANDARD = gnu17;
				GCC_DYNAMIC_NO_PIC = NO;
				GCC_NO_COMMON_BLOCKS = YES;
				GCC_OPTIMIZATION_LEVEL = 0;
				GCC_PREPROCESSOR_DEFINITIONS = (
					"DEBUG=1",
					"$(inherited)",
				);
				GCC_WARN_64_TO_32_BIT_CONVERSION = YES;
				GCC_WARN_ABOUT_RETURN_TYPE = YES_ERROR;
				GCC_WARN_UNDECLARED_SELECTOR = YES;
				GCC_WARN_UNINITIALIZED_AUTOS = YES_AGGRESSIVE;
				GCC_WARN_UNUSED_FUNCTION = YES;
				GCC_WARN_UNUSED_VARIABLE = YES;
				IPHONEOS_DEPLOYMENT_TARGET = 18.0;
				LOCALIZATION_PREFERS_STRING_CATALOGS = YES;
				MTL_ENABLE_DEBUG_INFO = INCLUDE_SOURCE;
				MTL_FAST_MATH = YES;
				ONLY_ACTIVE_ARCH = YES;
				SDKROOT = iphoneos;
				SWIFT_ACTIVE_COMPILATION_CONDITIONS = "DEBUG $(inherited)";
				SWIFT_OPTIMIZATION_LEVEL = "-Onone";
			};
			name = Debug;
		};
		FAE27F692C540DAD004B4396 /* Release */ = {
			isa = XCBuildConfiguration;
			buildSettings = {
				ALWAYS_SEARCH_USER_PATHS = NO;
				ASSETCATALOG_COMPILER_GENERATE_SWIFT_ASSET_SYMBOL_EXTENSIONS = YES;
				CLANG_ANALYZER_NONNULL = YES;
				CLANG_ANALYZER_NUMBER_OBJECT_CONVERSION = YES_AGGRESSIVE;
				CLANG_CXX_LANGUAGE_STANDARD = "gnu++20";
				CLANG_ENABLE_MODULES = YES;
				CLANG_ENABLE_OBJC_ARC = YES;
				CLANG_ENABLE_OBJC_WEAK = YES;
				CLANG_WARN_BLOCK_CAPTURE_AUTORELEASING = YES;
				CLANG_WARN_BOOL_CONVERSION = YES;
				CLANG_WARN_COMMA = YES;
				CLANG_WARN_CONSTANT_CONVERSION = YES;
				CLANG_WARN_DEPRECATED_OBJC_IMPLEMENTATIONS = YES;
				CLANG_WARN_DIRECT_OBJC_ISA_USAGE = YES_ERROR;
				CLANG_WARN_DOCUMENTATION_COMMENTS = YES;
				CLANG_WARN_EMPTY_BODY = YES;
				CLANG_WARN_ENUM_CONVERSION = YES;
				CLANG_WARN_INFINITE_RECURSION = YES;
				CLANG_WARN_INT_CONVERSION = YES;
				CLANG_WARN_NON_LITERAL_NULL_CONVERSION = YES;
				CLANG_WARN_OBJC_IMPLICIT_RETAIN_SELF = YES;
				CLANG_WARN_OBJC_LITERAL_CONVERSION = YES;
				CLANG_WARN_OBJC_ROOT_CLASS = YES_ERROR;
				CLANG_WARN_QUOTED_INCLUDE_IN_FRAMEWORK_HEADER = YES;
				CLANG_WARN_RANGE_LOOP_ANALYSIS = YES;
				CLANG_WARN_STRICT_PROTOTYPES = YES;
				CLANG_WARN_SUSPICIOUS_MOVE = YES;
				CLANG_WARN_UNGUARDED_AVAILABILITY = YES_AGGRESSIVE;
				CLANG_WARN_UNREACHABLE_CODE = YES;
				CLANG_WARN__DUPLICATE_METHOD_MATCH = YES;
				COPY_PHASE_STRIP = NO;
				DEBUG_INFORMATION_FORMAT = "dwarf-with-dsym";
				ENABLE_NS_ASSERTIONS = NO;
				ENABLE_STRICT_OBJC_MSGSEND = YES;
				ENABLE_USER_SCRIPT_SANDBOXING = YES;
				GCC_C_LANGUAGE_STANDARD = gnu17;
				GCC_NO_COMMON_BLOCKS = YES;
				GCC_WARN_64_TO_32_BIT_CONVERSION = YES;
				GCC_WARN_ABOUT_RETURN_TYPE = YES_ERROR;
				GCC_WARN_UNDECLARED_SELECTOR = YES;
				GCC_WARN_UNINITIALIZED_AUTOS = YES_AGGRESSIVE;
				GCC_WARN_UNUSED_FUNCTION = YES;
				GCC_WARN_UNUSED_VARIABLE = YES;
				IPHONEOS_DEPLOYMENT_TARGET = 18.0;
				LOCALIZATION_PREFERS_STRING_CATALOGS = YES;
				MTL_ENABLE_DEBUG_INFO = NO;
				MTL_FAST_MATH = YES;
				SDKROOT = iphoneos;
				SWIFT_COMPILATION_MODE = wholemodule;
				VALIDATE_PRODUCT = YES;
			};
			name = Release;
		};
		FAE27F6B2C540DAD004B4396 /* Debug */ = {
			isa = XCBuildConfiguration;
			buildSettings = {
				ASSETCATALOG_COMPILER_APPICON_NAME = AppIcon;
				ASSETCATALOG_COMPILER_GLOBAL_ACCENT_COLOR_NAME = AccentColor;
				CODE_SIGN_STYLE = Automatic;
				CURRENT_PROJECT_VERSION = 1;
				DEVELOPMENT_TEAM = 4CP2L725RU;
				GENERATE_INFOPLIST_FILE = YES;
				INFOPLIST_FILE = HW_13/Info.plist;
				INFOPLIST_KEY_UIApplicationSupportsIndirectInputEvents = YES;
				INFOPLIST_KEY_UILaunchStoryboardName = LaunchScreen;
				INFOPLIST_KEY_UISupportedInterfaceOrientations = UIInterfaceOrientationPortrait;
				INFOPLIST_KEY_UISupportedInterfaceOrientations_iPad = "UIInterfaceOrientationLandscapeLeft UIInterfaceOrientationLandscapeRight UIInterfaceOrientationPortrait UIInterfaceOrientationPortraitUpsideDown";
				IPHONEOS_DEPLOYMENT_TARGET = 16.0;
				LD_RUNPATH_SEARCH_PATHS = (
					"$(inherited)",
					"@executable_path/Frameworks",
				);
				MARKETING_VERSION = 1.0;
				PRODUCT_BUNDLE_IDENTIFIER = "Alex.HW-13";
				PRODUCT_NAME = "$(TARGET_NAME)";
				SWIFT_EMIT_LOC_STRINGS = YES;
				SWIFT_VERSION = 5.0;
				TARGETED_DEVICE_FAMILY = "1,2";
			};
			name = Debug;
		};
		FAE27F6C2C540DAD004B4396 /* Release */ = {
			isa = XCBuildConfiguration;
			buildSettings = {
				ASSETCATALOG_COMPILER_APPICON_NAME = AppIcon;
				ASSETCATALOG_COMPILER_GLOBAL_ACCENT_COLOR_NAME = AccentColor;
				CODE_SIGN_STYLE = Automatic;
				CURRENT_PROJECT_VERSION = 1;
				DEVELOPMENT_TEAM = 4CP2L725RU;
				GENERATE_INFOPLIST_FILE = YES;
				INFOPLIST_FILE = HW_13/Info.plist;
				INFOPLIST_KEY_UIApplicationSupportsIndirectInputEvents = YES;
				INFOPLIST_KEY_UILaunchStoryboardName = LaunchScreen;
				INFOPLIST_KEY_UISupportedInterfaceOrientations = UIInterfaceOrientationPortrait;
				INFOPLIST_KEY_UISupportedInterfaceOrientations_iPad = "UIInterfaceOrientationLandscapeLeft UIInterfaceOrientationLandscapeRight UIInterfaceOrientationPortrait UIInterfaceOrientationPortraitUpsideDown";
				IPHONEOS_DEPLOYMENT_TARGET = 16.0;
				LD_RUNPATH_SEARCH_PATHS = (
					"$(inherited)",
					"@executable_path/Frameworks",
				);
				MARKETING_VERSION = 1.0;
				PRODUCT_BUNDLE_IDENTIFIER = "Alex.HW-13";
				PRODUCT_NAME = "$(TARGET_NAME)";
				SWIFT_EMIT_LOC_STRINGS = YES;
				SWIFT_VERSION = 5.0;
				TARGETED_DEVICE_FAMILY = "1,2";
			};
			name = Release;
		};
/* End XCBuildConfiguration section */

/* Begin XCConfigurationList section */
		FAE27F512C540DAB004B4396 /* Build configuration list for PBXProject "HW_13" */ = {
			isa = XCConfigurationList;
			buildConfigurations = (
				FAE27F682C540DAD004B4396 /* Debug */,
				FAE27F692C540DAD004B4396 /* Release */,
			);
			defaultConfigurationIsVisible = 0;
			defaultConfigurationName = Release;
		};
		FAE27F6A2C540DAD004B4396 /* Build configuration list for PBXNativeTarget "HW_13" */ = {
			isa = XCConfigurationList;
			buildConfigurations = (
				FAE27F6B2C540DAD004B4396 /* Debug */,
				FAE27F6C2C540DAD004B4396 /* Release */,
			);
			defaultConfigurationIsVisible = 0;
			defaultConfigurationName = Release;
		};
/* End XCConfigurationList section */
	};
	rootObject = FAE27F4E2C540DAB004B4396 /* Project object */;
}
